// !$*UTF8*$!
{
	archiveVersion = 1;
	classes = {
	};
	objectVersion = 50;
	objects = {

/* Begin PBXBuildFile section */
		091FC06121EDBC56004FAA7A /* AppDelegate.swift in Sources */ = {isa = PBXBuildFile; fileRef = 091FC06021EDBC56004FAA7A /* AppDelegate.swift */; };
		091FC06321EDBC56004FAA7A /* CategoryViewController.swift in Sources */ = {isa = PBXBuildFile; fileRef = 091FC06221EDBC56004FAA7A /* CategoryViewController.swift */; };
		091FC06621EDBC56004FAA7A /* Main.storyboard in Resources */ = {isa = PBXBuildFile; fileRef = 091FC06421EDBC56004FAA7A /* Main.storyboard */; };
		091FC06821EDBC57004FAA7A /* Assets.xcassets in Resources */ = {isa = PBXBuildFile; fileRef = 091FC06721EDBC57004FAA7A /* Assets.xcassets */; };
		091FC06B21EDBC57004FAA7A /* LaunchScreen.storyboard in Resources */ = {isa = PBXBuildFile; fileRef = 091FC06921EDBC57004FAA7A /* LaunchScreen.storyboard */; };
		091FC07421EDBD93004FAA7A /* Extensions.swift in Sources */ = {isa = PBXBuildFile; fileRef = 091FC07321EDBD93004FAA7A /* Extensions.swift */; };
/* End PBXBuildFile section */

/* Begin PBXFileReference section */
		091FC05D21EDBC56004FAA7A /* ListedIn.app */ = {isa = PBXFileReference; explicitFileType = wrapper.application; includeInIndex = 0; path = ListedIn.app; sourceTree = BUILT_PRODUCTS_DIR; };
		091FC06021EDBC56004FAA7A /* AppDelegate.swift */ = {isa = PBXFileReference; lastKnownFileType = sourcecode.swift; path = AppDelegate.swift; sourceTree = "<group>"; };
		091FC06221EDBC56004FAA7A /* CategoryViewController.swift */ = {isa = PBXFileReference; lastKnownFileType = sourcecode.swift; path = CategoryViewController.swift; sourceTree = "<group>"; };
		091FC06521EDBC56004FAA7A /* Base */ = {isa = PBXFileReference; lastKnownFileType = file.storyboard; name = Base; path = Base.lproj/Main.storyboard; sourceTree = "<group>"; };
		091FC06721EDBC57004FAA7A /* Assets.xcassets */ = {isa = PBXFileReference; lastKnownFileType = folder.assetcatalog; path = Assets.xcassets; sourceTree = "<group>"; };
		091FC06A21EDBC57004FAA7A /* Base */ = {isa = PBXFileReference; lastKnownFileType = file.storyboard; name = Base; path = Base.lproj/LaunchScreen.storyboard; sourceTree = "<group>"; };
		091FC06C21EDBC57004FAA7A /* Info.plist */ = {isa = PBXFileReference; lastKnownFileType = text.plist.xml; path = Info.plist; sourceTree = "<group>"; };
		091FC07321EDBD93004FAA7A /* Extensions.swift */ = {isa = PBXFileReference; lastKnownFileType = sourcecode.swift; path = Extensions.swift; sourceTree = "<group>"; };
/* End PBXFileReference section */

/* Begin PBXFrameworksBuildPhase section */
		091FC05A21EDBC56004FAA7A /* Frameworks */ = {
			isa = PBXFrameworksBuildPhase;
			buildActionMask = 2147483647;
			files = (
			);
			runOnlyForDeploymentPostprocessing = 0;
		};
/* End PBXFrameworksBuildPhase section */

/* Begin PBXGroup section */
		091FC05421EDBC56004FAA7A = {
			isa = PBXGroup;
			children = (
				091FC05F21EDBC56004FAA7A /* ListedIn */,
				091FC05E21EDBC56004FAA7A /* Products */,
			);
			sourceTree = "<group>";
		};
		091FC05E21EDBC56004FAA7A /* Products */ = {
			isa = PBXGroup;
			children = (
				091FC05D21EDBC56004FAA7A /* ListedIn.app */,
			);
			name = Products;
			sourceTree = "<group>";
		};
		091FC05F21EDBC56004FAA7A /* ListedIn */ = {
			isa = PBXGroup;
			children = (
				091FC07521EEA067004FAA7A /* Model */,
				091FC07221EDBD6B004FAA7A /* Extensions */,
				091FC06021EDBC56004FAA7A /* AppDelegate.swift */,
				091FC06221EDBC56004FAA7A /* CategoryViewController.swift */,
				091FC06421EDBC56004FAA7A /* Main.storyboard */,
				091FC06721EDBC57004FAA7A /* Assets.xcassets */,
				091FC06921EDBC57004FAA7A /* LaunchScreen.storyboard */,
				091FC06C21EDBC57004FAA7A /* Info.plist */,
			);
			path = ListedIn;
			sourceTree = "<group>";
		};
		091FC07221EDBD6B004FAA7A /* Extensions */ = {
			isa = PBXGroup;
			children = (
				091FC07321EDBD93004FAA7A /* Extensions.swift */,
			);
			path = Extensions;
			sourceTree = "<group>";
		};
		091FC07521EEA067004FAA7A /* Model */ = {
			isa = PBXGroup;
			children = (
			);
			path = Model;
			sourceTree = "<group>";
		};
/* End PBXGroup section */

/* Begin PBXNativeTarget section */
		091FC05C21EDBC56004FAA7A /* ListedIn */ = {
			isa = PBXNativeTarget;
			buildConfigurationList = 091FC06F21EDBC57004FAA7A /* Build configuration list for PBXNativeTarget "ListedIn" */;
			buildPhases = (
				091FC05921EDBC56004FAA7A /* Sources */,
				091FC05A21EDBC56004FAA7A /* Frameworks */,
				091FC05B21EDBC56004FAA7A /* Resources */,
			);
			buildRules = (
			);
			dependencies = (
			);
			name = ListedIn;
			productName = ListedIn;
			productReference = 091FC05D21EDBC56004FAA7A /* ListedIn.app */;
			productType = "com.apple.product-type.application";
		};
/* End PBXNativeTarget section */

/* Begin PBXProject section */
		091FC05521EDBC56004FAA7A /* Project object */ = {
			isa = PBXProject;
			attributes = {
				LastSwiftUpdateCheck = 1010;
				LastUpgradeCheck = 1010;
				ORGANIZATIONNAME = "Norbert Grover";
				TargetAttributes = {
					091FC05C21EDBC56004FAA7A = {
						CreatedOnToolsVersion = 10.1;
					};
				};
			};
			buildConfigurationList = 091FC05821EDBC56004FAA7A /* Build configuration list for PBXProject "ListedIn" */;
			compatibilityVersion = "Xcode 9.3";
			developmentRegion = en;
			hasScannedForEncodings = 0;
			knownRegions = (
				en,
				Base,
			);
			mainGroup = 091FC05421EDBC56004FAA7A;
			productRefGroup = 091FC05E21EDBC56004FAA7A /* Products */;
			projectDirPath = "";
			projectRoot = "";
			targets = (
				091FC05C21EDBC56004FAA7A /* ListedIn */,
			);
		};
/* End PBXProject section */

/* Begin PBXResourcesBuildPhase section */
		091FC05B21EDBC56004FAA7A /* Resources */ = {
			isa = PBXResourcesBuildPhase;
			buildActionMask = 2147483647;
			files = (
				091FC06B21EDBC57004FAA7A /* LaunchScreen.storyboard in Resources */,
				091FC06821EDBC57004FAA7A /* Assets.xcassets in Resources */,
				091FC06621EDBC56004FAA7A /* Main.storyboard in Resources */,
			);
			runOnlyForDeploymentPostprocessing = 0;
		};
/* End PBXResourcesBuildPhase section */

/* Begin PBXSourcesBuildPhase section */
		091FC05921EDBC56004FAA7A /* Sources */ = {
			isa = PBXSourcesBuildPhase;
			buildActionMask = 2147483647;
			files = (
				091FC06321EDBC56004FAA7A /* CategoryViewController.swift in Sources */,
				091FC07421EDBD93004FAA7A /* Extensions.swift in Sources */,
				091FC06121EDBC56004FAA7A /* AppDelegate.swift in Sources */,
			);
			runOnlyForDeploymentPostprocessing = 0;
		};
/* End PBXSourcesBuildPhase section */

/* Begin PBXVariantGroup section */
		091FC06421EDBC56004FAA7A /* Main.storyboard */ = {
			isa = PBXVariantGroup;
			children = (
				091FC06521EDBC56004FAA7A /* Base */,
			);
			name = Main.storyboard;
			sourceTree = "<group>";
		};
		091FC06921EDBC57004FAA7A /* LaunchScreen.storyboard */ = {
			isa = PBXVariantGroup;
			children = (
				091FC06A21EDBC57004FAA7A /* Base */,
			);
			name = LaunchScreen.storyboard;
			sourceTree = "<group>";
		};
/* End PBXVariantGroup section */

/* Begin XCBuildConfiguration section */
		091FC06D21EDBC57004FAA7A /* Debug */ = {
			isa = XCBuildConfiguration;
			buildSettings = {
				ALWAYS_SEARCH_USER_PATHS = NO;
				CLANG_ANALYZER_NONNULL = YES;
				CLANG_ANALYZER_NUMBER_OBJECT_CONVERSION = YES_AGGRESSIVE;
				CLANG_CXX_LANGUAGE_STANDARD = "gnu++14";
				CLANG_CXX_LIBRARY = "libc++";
				CLANG_ENABLE_MODULES = YES;
				CLANG_ENABLE_OBJC_ARC = YES;
				CLANG_ENABLE_OBJC_WEAK = YES;
				CLANG_WARN_BLOCK_CAPTURE_AUTORELEASING = YES;
				CLANG_WARN_BOOL_CONVERSION = YES;
				CLANG_WARN_COMMA = YES;
				CLANG_WARN_CONSTANT_CONVERSION = YES;
				CLANG_WARN_DEPRECATED_OBJC_IMPLEMENTATIONS = YES;
				CLANG_WARN_DIRECT_OBJC_ISA_USAGE = YES_ERROR;
				CLANG_WARN_DOCUMENTATION_COMMENTS = YES;
				CLANG_WARN_EMPTY_BODY = YES;
				CLANG_WARN_ENUM_CONVERSION = YES;
				CLANG_WARN_INFINITE_RECURSION = YES;
				CLANG_WARN_INT_CONVERSION = YES;
				CLANG_WARN_NON_LITERAL_NULL_CONVERSION = YES;
				CLANG_WARN_OBJC_IMPLICIT_RETAIN_SELF = YES;
				CLANG_WARN_OBJC_LITERAL_CONVERSION = YES;
				CLANG_WARN_OBJC_ROOT_CLASS = YES_ERROR;
				CLANG_WARN_RANGE_LOOP_ANALYSIS = YES;
				CLANG_WARN_STRICT_PROTOTYPES = YES;
				CLANG_WARN_SUSPICIOUS_MOVE = YES;
				CLANG_WARN_UNGUARDED_AVAILABILITY = YES_AGGRESSIVE;
				CLANG_WARN_UNREACHABLE_CODE = YES;
				CLANG_WARN__DUPLICATE_METHOD_MATCH = YES;
				CODE_SIGN_IDENTITY = "iPhone Developer";
				COPY_PHASE_STRIP = NO;
				DEBUG_INFORMATION_FORMAT = dwarf;
				ENABLE_STRICT_OBJC_MSGSEND = YES;
				ENABLE_TESTABILITY = YES;
				GCC_C_LANGUAGE_STANDARD = gnu11;
				GCC_DYNAMIC_NO_PIC = NO;
				GCC_NO_COMMON_BLOCKS = YES;
				GCC_OPTIMIZATION_LEVEL = 0;
				GCC_PREPROCESSOR_DEFINITIONS = (
					"DEBUG=1",
					"$(inherited)",
				);
				GCC_WARN_64_TO_32_BIT_CONVERSION = YES;
				GCC_WARN_ABOUT_RETURN_TYPE = YES_ERROR;
				GCC_WARN_UNDECLARED_SELECTOR = YES;
				GCC_WARN_UNINITIALIZED_AUTOS = YES_AGGRESSIVE;
				GCC_WARN_UNUSED_FUNCTION = YES;
				GCC_WARN_UNUSED_VARIABLE = YES;
				IPHONEOS_DEPLOYMENT_TARGET = 12.1;
				MTL_ENABLE_DEBUG_INFO = INCLUDE_SOURCE;
				MTL_FAST_MATH = YES;
				ONLY_ACTIVE_ARCH = YES;
				SDKROOT = iphoneos;
				SWIFT_ACTIVE_COMPILATION_CONDITIONS = DEBUG;
				SWIFT_OPTIMIZATION_LEVEL = "-Onone";
			};
			name = Debug;
		};
		091FC06E21EDBC57004FAA7A /* Release */ = {
			isa = XCBuildConfiguration;
			buildSettings = {
				ALWAYS_SEARCH_USER_PATHS = NO;
				CLANG_ANALYZER_NONNULL = YES;
				CLANG_ANALYZER_NUMBER_OBJECT_CONVERSION = YES_AGGRESSIVE;
				CLANG_CXX_LANGUAGE_STANDARD = "gnu++14";
				CLANG_CXX_LIBRARY = "libc++";
				CLANG_ENABLE_MODULES = YES;
				CLANG_ENABLE_OBJC_ARC = YES;
				CLANG_ENABLE_OBJC_WEAK = YES;
				CLANG_WARN_BLOCK_CAPTURE_AUTORELEASING = YES;
				CLANG_WARN_BOOL_CONVERSION = YES;
				CLANG_WARN_COMMA = YES;
				CLANG_WARN_CONSTANT_CONVERSION = YES;
				CLANG_WARN_DEPRECATED_OBJC_IMPLEMENTATIONS = YES;
				CLANG_WARN_DIRECT_OBJC_ISA_USAGE = YES_ERROR;
				CLANG_WARN_DOCUMENTATION_COMMENTS = YES;
				CLANG_WARN_EMPTY_BODY = YES;
				CLANG_WARN_ENUM_CONVERSION = YES;
				CLANG_WARN_INFINITE_RECURSION = YES;
				CLANG_WARN_INT_CONVERSION = YES;
				CLANG_WARN_NON_LITERAL_NULL_CONVERSION = YES;
				CLANG_WARN_OBJC_IMPLICIT_RETAIN_SELF = YES;
				CLANG_WARN_OBJC_LITERAL_CONVERSION = YES;
				CLANG_WARN_OBJC_ROOT_CLASS = YES_ERROR;
				CLANG_WARN_RANGE_LOOP_ANALYSIS = YES;
				CLANG_WARN_STRICT_PROTOTYPES = YES;
				CLANG_WARN_SUSPICIOUS_MOVE = YES;
				CLANG_WARN_UNGUARDED_AVAILABILITY = YES_AGGRESSIVE;
				CLANG_WARN_UNREACHABLE_CODE = YES;
				CLANG_WARN__DUPLICATE_METHOD_MATCH = YES;
				CODE_SIGN_IDENTITY = "iPhone Developer";
				COPY_PHASE_STRIP = NO;
				DEBUG_INFORMATION_FORMAT = "dwarf-with-dsym";
				ENABLE_NS_ASSERTIONS = NO;
				ENABLE_STRICT_OBJC_MSGSEND = YES;
				GCC_C_LANGUAGE_STANDARD = gnu11;
				GCC_NO_COMMON_BLOCKS = YES;
				GCC_WARN_64_TO_32_BIT_CONVERSION = YES;
				GCC_WARN_ABOUT_RETURN_TYPE = YES_ERROR;
				GCC_WARN_UNDECLARED_SELECTOR = YES;
				GCC_WARN_UNINITIALIZED_AUTOS = YES_AGGRESSIVE;
				GCC_WARN_UNUSED_FUNCTION = YES;
				GCC_WARN_UNUSED_VARIABLE = YES;
				IPHONEOS_DEPLOYMENT_TARGET = 12.1;
				MTL_ENABLE_DEBUG_INFO = NO;
				MTL_FAST_MATH = YES;
				SDKROOT = iphoneos;
				SWIFT_COMPILATION_MODE = wholemodule;
				SWIFT_OPTIMIZATION_LEVEL = "-O";
				VALIDATE_PRODUCT = YES;
			};
			name = Release;
		};
		091FC07021EDBC57004FAA7A /* Debug */ = {
			isa = XCBuildConfiguration;
			buildSettings = {
				ASSETCATALOG_COMPILER_APPICON_NAME = AppIcon;
				CODE_SIGN_STYLE = Automatic;
				DEVELOPMENT_TEAM = 93TAG27MAJ;
				INFOPLIST_FILE = ListedIn/Info.plist;
				LD_RUNPATH_SEARCH_PATHS = (
					"$(inherited)",
					"@executable_path/Frameworks",
				);
				PRODUCT_BUNDLE_IDENTIFIER = GroverTech.ListedIn;
				PRODUCT_NAME = "$(TARGET_NAME)";
				SWIFT_VERSION = 4.2;
				TARGETED_DEVICE_FAMILY = "1,2";
			};
			name = Debug;
		};
		091FC07121EDBC57004FAA7A /* Release */ = {
			isa = XCBuildConfiguration;
			buildSettings = {
				ASSETCATALOG_COMPILER_APPICON_NAME = AppIcon;
				CODE_SIGN_STYLE = Automatic;
				DEVELOPMENT_TEAM = 93TAG27MAJ;
				INFOPLIST_FILE = ListedIn/Info.plist;
				LD_RUNPATH_SEARCH_PATHS = (
					"$(inherited)",
					"@executable_path/Frameworks",
				);
				PRODUCT_BUNDLE_IDENTIFIER = GroverTech.ListedIn;
				PRODUCT_NAME = "$(TARGET_NAME)";
				SWIFT_VERSION = 4.2;
				TARGETED_DEVICE_FAMILY = "1,2";
			};
			name = Release;
		};
/* End XCBuildConfiguration section */

/* Begin XCConfigurationList section */
		091FC05821EDBC56004FAA7A /* Build configuration list for PBXProject "ListedIn" */ = {
			isa = XCConfigurationList;
			buildConfigurations = (
				091FC06D21EDBC57004FAA7A /* Debug */,
				091FC06E21EDBC57004FAA7A /* Release */,
			);
			defaultConfigurationIsVisible = 0;
			defaultConfigurationName = Release;
		};
		091FC06F21EDBC57004FAA7A /* Build configuration list for PBXNativeTarget "ListedIn" */ = {
			isa = XCConfigurationList;
			buildConfigurations = (
				091FC07021EDBC57004FAA7A /* Debug */,
				091FC07121EDBC57004FAA7A /* Release */,
			);
			defaultConfigurationIsVisible = 0;
			defaultConfigurationName = Release;
		};
/* End XCConfigurationList section */
	};
	rootObject = 091FC05521EDBC56004FAA7A /* Project object */;
}
